
Microsoft Visual Studio Solution File, Format Version 12.00
Project("{FAE04EC0-301F-11D3-BF4B-00C04F79EFBC}") = "NetStone.Common", "NetStone.Common\NetStone.Common.csproj", "{4BDF2A3F-F15A-4025-B714-D1B1F95A2A61}"
EndProject
Global
	GlobalSection(SolutionConfigurationPlatforms) = preSolution
		Debug|Any CPU = Debug|Any CPU
		Release|Any CPU = Release|Any CPU
	EndGlobalSection
	GlobalSection(ProjectConfigurationPlatforms) = postSolution
		{4BDF2A3F-F15A-4025-B714-D1B1F95A2A61}.Debug|Any CPU.ActiveCfg = Debug|Any CPU
		{4BDF2A3F-F15A-4025-B714-D1B1F95A2A61}.Debug|Any CPU.Build.0 = Debug|Any CPU
		{4BDF2A3F-F15A-4025-B714-D1B1F95A2A61}.Release|Any CPU.ActiveCfg = Release|Any CPU
		{4BDF2A3F-F15A-4025-B714-D1B1F95A2A61}.Release|Any CPU.Build.0 = Release|Any CPU
	EndGlobalSection
EndGlobal
